// !$*UTF8*$!
{
	archiveVersion = 1;
	classes = {
	};
	objectVersion = 77;
	objects = {

/* Begin PBXBuildFile section */
		087E2315199132B9B86523AD /* CheckoutFlowUITests.swift in Sources */ = {isa = PBXBuildFile; fileRef = 0677DE0BD41F7781FD503A3E /* CheckoutFlowUITests.swift */; };
		0FAC818FDFB29553D65F4858 /* Assets.xcassets in Resources */ = {isa = PBXBuildFile; fileRef = 85854626536BD65B9D9D88C6 /* Assets.xcassets */; };
		162E4B224E610A80C8057750 /* GRDB in Frameworks */ = {isa = PBXBuildFile; productRef = D4210624DA0DFAAB2D9AF7B0 /* GRDB */; };
		1944AC4FBFD156F4E2650AEC /* AppDatabaseTests.swift in Sources */ = {isa = PBXBuildFile; fileRef = 0AE93A7F4E0D4980450C150D /* AppDatabaseTests.swift */; };
		233886F9CE579E7ECD162F6D /* GRDB in Frameworks */ = {isa = PBXBuildFile; productRef = E85BE87F7794865D4FB9F601 /* GRDB */; };
		26A56890F0E87B55D3AA8EF9 /* CartPanel.swift in Sources */ = {isa = PBXBuildFile; fileRef = 7D9785F5EF9FD3C8D3047E37 /* CartPanel.swift */; };
		390875A0E552D4ACEDC6CE16 /* DatabaseKeyStore.swift in Sources */ = {isa = PBXBuildFile; fileRef = 5FB1B20106395666E1C486B0 /* DatabaseKeyStore.swift */; };
		6B9A2BA2AF1C23618311C605 /* RootView.swift in Sources */ = {isa = PBXBuildFile; fileRef = 97DE3E10093D29E490CC0D90 /* RootView.swift */; };
		7CAE4EE9C4E73E037C8323FF /* AppDatabase.swift in Sources */ = {isa = PBXBuildFile; fileRef = 93A35F4C8FAF18ED98FF201F /* AppDatabase.swift */; };
		7CC138A371AAD04F86FF68AF /* ZayFlowCore in Frameworks */ = {isa = PBXBuildFile; productRef = 45FD4F68493A1C193141DC33 /* ZayFlowCore */; };
		805FEBFC34FF43EEEB49822C /* ActivityView.swift in Sources */ = {isa = PBXBuildFile; fileRef = BCA0583DB7B60C10960270FC /* ActivityView.swift */; };
		819090B4992F70A0F5EBF89E /* AtomicCheckoutTests.swift in Sources */ = {isa = PBXBuildFile; fileRef = DDB997317AFAAD0E93E9857E /* AtomicCheckoutTests.swift */; };
		951C117272DF215C8B30EDE2 /* SellView.swift in Sources */ = {isa = PBXBuildFile; fileRef = 2252654EA23D7CA7A15A041A /* SellView.swift */; };
		9726D669F24004B4F80A3369 /* BarcodeScannerView.swift in Sources */ = {isa = PBXBuildFile; fileRef = CB042628A1D439BE94FBD4F6 /* BarcodeScannerView.swift */; };
		A9F52C9EAED0447640EB7C12 /* ZayFlowTheme.swift in Sources */ = {isa = PBXBuildFile; fileRef = E0887A72E83803B1EAA7C498 /* ZayFlowTheme.swift */; };
		B2730276A8F63D199616564D /* SaleModels.swift in Sources */ = {isa = PBXBuildFile; fileRef = 85A61247743402F160005936 /* SaleModels.swift */; };
		B60C89D7962E67173654E3DB /* ZayFlowCore in Frameworks */ = {isa = PBXBuildFile; productRef = BB69F07A3D755FDBE9941265 /* ZayFlowCore */; };
		BD9A7CAD62048369065F11AF /* CheckoutFlowView.swift in Sources */ = {isa = PBXBuildFile; fileRef = 419FE8EEB12D0218BE8D146E /* CheckoutFlowView.swift */; };
		C0557100CD6C14A4946EB6AF /* MoreView.swift in Sources */ = {isa = PBXBuildFile; fileRef = 81BA5D04B1860C208D48CD32 /* MoreView.swift */; };
		C432BD1D0E118684D2BF28A5 /* StockView.swift in Sources */ = {isa = PBXBuildFile; fileRef = F3A1182CA2ACCDE6AA42EF32 /* StockView.swift */; };
		D95493F8F2E0E5B87C598FA2 /* AppModel.swift in Sources */ = {isa = PBXBuildFile; fileRef = 54B115713D550A30E5D6B370 /* AppModel.swift */; };
		E73913117E91410C32ED3EDF /* ReportsView.swift in Sources */ = {isa = PBXBuildFile; fileRef = 8C2734CABDD5F7D41616097B /* ReportsView.swift */; };
		F59EE7AE0738D711F9503943 /* ZayFlowApp.swift in Sources */ = {isa = PBXBuildFile; fileRef = D6A30BFDCA4F2B0284818E00 /* ZayFlowApp.swift */; };
		F896F06F42CD3FC877E5D806 /* AppDatabase+Sales.swift in Sources */ = {isa = PBXBuildFile; fileRef = 6BE1C4D62A79781E316D371F /* AppDatabase+Sales.swift */; };
/* End PBXBuildFile section */

/* Begin PBXContainerItemProxy section */
		7866B293A37FA4D72DFB6722 /* PBXContainerItemProxy */ = {
			isa = PBXContainerItemProxy;
			containerPortal = F965E5047CEF071C14696D33 /* Project object */;
			proxyType = 1;
			remoteGlobalIDString = C71391D912F14D9CCCF6D127;
			remoteInfo = ZayFlow;
		};
		878E5EE57194CE2607F501E2 /* PBXContainerItemProxy */ = {
			isa = PBXContainerItemProxy;
			containerPortal = F965E5047CEF071C14696D33 /* Project object */;
			proxyType = 1;
			remoteGlobalIDString = C71391D912F14D9CCCF6D127;
			remoteInfo = ZayFlow;
		};
/* End PBXContainerItemProxy section */

/* Begin PBXFileReference section */
		0677DE0BD41F7781FD503A3E /* CheckoutFlowUITests.swift */ = {isa = PBXFileReference; lastKnownFileType = sourcecode.swift; path = CheckoutFlowUITests.swift; sourceTree = "<group>"; };
		0AE93A7F4E0D4980450C150D /* AppDatabaseTests.swift */ = {isa = PBXFileReference; lastKnownFileType = sourcecode.swift; path = AppDatabaseTests.swift; sourceTree = "<group>"; };
		0D30A82303500ED88A5EE8BD /* ZayFlowTests.xctest */ = {isa = PBXFileReference; includeInIndex = 0; lastKnownFileType = wrapper.cfbundle; path = ZayFlowTests.xctest; sourceTree = BUILT_PRODUCTS_DIR; };
		2252654EA23D7CA7A15A041A /* SellView.swift */ = {isa = PBXFileReference; lastKnownFileType = sourcecode.swift; path = SellView.swift; sourceTree = "<group>"; };
		419FE8EEB12D0218BE8D146E /* CheckoutFlowView.swift */ = {isa = PBXFileReference; lastKnownFileType = sourcecode.swift; path = CheckoutFlowView.swift; sourceTree = "<group>"; };
		54B115713D550A30E5D6B370 /* AppModel.swift */ = {isa = PBXFileReference; lastKnownFileType = sourcecode.swift; path = AppModel.swift; sourceTree = "<group>"; };
		5FB1B20106395666E1C486B0 /* DatabaseKeyStore.swift */ = {isa = PBXFileReference; lastKnownFileType = sourcecode.swift; path = DatabaseKeyStore.swift; sourceTree = "<group>"; };
		6BE1C4D62A79781E316D371F /* AppDatabase+Sales.swift */ = {isa = PBXFileReference; lastKnownFileType = sourcecode.swift; path = "AppDatabase+Sales.swift"; sourceTree = "<group>"; };
		6EE1B98C8D83C5B035BA1039 /* ZayFlowCore */ = {isa = PBXFileReference; lastKnownFileType = folder; name = ZayFlowCore; path = ZayFlowCore; sourceTree = SOURCE_ROOT; };
		7D9785F5EF9FD3C8D3047E37 /* CartPanel.swift */ = {isa = PBXFileReference; lastKnownFileType = sourcecode.swift; path = CartPanel.swift; sourceTree = "<group>"; };
		81BA5D04B1860C208D48CD32 /* MoreView.swift */ = {isa = PBXFileReference; lastKnownFileType = sourcecode.swift; path = MoreView.swift; sourceTree = "<group>"; };
		85854626536BD65B9D9D88C6 /* Assets.xcassets */ = {isa = PBXFileReference; lastKnownFileType = folder.assetcatalog; path = Assets.xcassets; sourceTree = "<group>"; };
		85A61247743402F160005936 /* SaleModels.swift */ = {isa = PBXFileReference; lastKnownFileType = sourcecode.swift; path = SaleModels.swift; sourceTree = "<group>"; };
		8C2734CABDD5F7D41616097B /* ReportsView.swift */ = {isa = PBXFileReference; lastKnownFileType = sourcecode.swift; path = ReportsView.swift; sourceTree = "<group>"; };
		8F4DF772FDBD280D3CB4C401 /* GRDB.swift */ = {isa = PBXFileReference; lastKnownFileType = folder; name = GRDB.swift; path = Vendor/GRDB.swift; sourceTree = SOURCE_ROOT; };
		93A35F4C8FAF18ED98FF201F /* AppDatabase.swift */ = {isa = PBXFileReference; lastKnownFileType = sourcecode.swift; path = AppDatabase.swift; sourceTree = "<group>"; };
		97DE3E10093D29E490CC0D90 /* RootView.swift */ = {isa = PBXFileReference; lastKnownFileType = sourcecode.swift; path = RootView.swift; sourceTree = "<group>"; };
		BCA0583DB7B60C10960270FC /* ActivityView.swift */ = {isa = PBXFileReference; lastKnownFileType = sourcecode.swift; path = ActivityView.swift; sourceTree = "<group>"; };
		C26E178ECC1073B9BC5CDE18 /* ZayFlow.app */ = {isa = PBXFileReference; includeInIndex = 0; lastKnownFileType = wrapper.application; path = ZayFlow.app; sourceTree = BUILT_PRODUCTS_DIR; };
		CB042628A1D439BE94FBD4F6 /* BarcodeScannerView.swift */ = {isa = PBXFileReference; lastKnownFileType = sourcecode.swift; path = BarcodeScannerView.swift; sourceTree = "<group>"; };
		D6A30BFDCA4F2B0284818E00 /* ZayFlowApp.swift */ = {isa = PBXFileReference; lastKnownFileType = sourcecode.swift; path = ZayFlowApp.swift; sourceTree = "<group>"; };
		DDB997317AFAAD0E93E9857E /* AtomicCheckoutTests.swift */ = {isa = PBXFileReference; lastKnownFileType = sourcecode.swift; path = AtomicCheckoutTests.swift; sourceTree = "<group>"; };
		E0887A72E83803B1EAA7C498 /* ZayFlowTheme.swift */ = {isa = PBXFileReference; lastKnownFileType = sourcecode.swift; path = ZayFlowTheme.swift; sourceTree = "<group>"; };
		E833293B5552862DA4BF15A4 /* ZayFlowUITests.xctest */ = {isa = PBXFileReference; includeInIndex = 0; lastKnownFileType = wrapper.cfbundle; path = ZayFlowUITests.xctest; sourceTree = BUILT_PRODUCTS_DIR; };
		F3A1182CA2ACCDE6AA42EF32 /* StockView.swift */ = {isa = PBXFileReference; lastKnownFileType = sourcecode.swift; path = StockView.swift; sourceTree = "<group>"; };
/* End PBXFileReference section */

/* Begin PBXFrameworksBuildPhase section */
		51BCB6453DC9511BD78626AE /* Frameworks */ = {
			isa = PBXFrameworksBuildPhase;
			buildActionMask = 2147483647;
			files = (
				7CC138A371AAD04F86FF68AF /* ZayFlowCore in Frameworks */,
				162E4B224E610A80C8057750 /* GRDB in Frameworks */,
			);
			runOnlyForDeploymentPostprocessing = 0;
		};
		575D04DFB6666452B36046FB /* Frameworks */ = {
			isa = PBXFrameworksBuildPhase;
			buildActionMask = 2147483647;
			files = (
				B60C89D7962E67173654E3DB /* ZayFlowCore in Frameworks */,
				233886F9CE579E7ECD162F6D /* GRDB in Frameworks */,
			);
			runOnlyForDeploymentPostprocessing = 0;
		};
/* End PBXFrameworksBuildPhase section */

/* Begin PBXGroup section */
		01493931004C29E9CCF3F2C5 /* More */ = {
			isa = PBXGroup;
			children = (
				81BA5D04B1860C208D48CD32 /* MoreView.swift */,
			);
			path = More;
			sourceTree = "<group>";
		};
		09A3AB48ACCE761416590268 /* ZayFlow */ = {
			isa = PBXGroup;
			children = (
				8F13C1AC5D5BD07500A2A538 /* App */,
				5532F333FC538A21BFC84B96 /* Core */,
				F1FFB98132A63815DB05DC98 /* Data */,
				45DBA657FF3AC32EC997E1D7 /* Features */,
				72AFACB48DBC60A3E99A0FEB /* Platform */,
				BE90098A9EB7274D9563018B /* Presentation */,
				C17FDAD318BF303AACA0446F /* Resources */,
			);
			path = ZayFlow;
			sourceTree = "<group>";
		};
		09C2F715E2E5CF6159044CFB /* ZayFlowUITests */ = {
			isa = PBXGroup;
			children = (
				0677DE0BD41F7781FD503A3E /* CheckoutFlowUITests.swift */,
			);
			path = ZayFlowUITests;
			sourceTree = "<group>";
		};
		18D1F10E7376FC2D821E2847 /* Security */ = {
			isa = PBXGroup;
			children = (
				5FB1B20106395666E1C486B0 /* DatabaseKeyStore.swift */,
			);
			path = Security;
			sourceTree = "<group>";
		};
		265B7C7C258B67DE1D96FD03 = {
			isa = PBXGroup;
			children = (
				3B81155A310C0E67EBDBA140 /* Packages */,
				09A3AB48ACCE761416590268 /* ZayFlow */,
				77214CD5833A23D16E71D297 /* ZayFlowTests */,
				09C2F715E2E5CF6159044CFB /* ZayFlowUITests */,
				42AC9D12E4BDF0AF995A36EB /* Products */,
			);
			sourceTree = "<group>";
		};
		3406C10933CD6A85D92B2639 /* Payments */ = {
			isa = PBXGroup;
			children = (
				419FE8EEB12D0218BE8D146E /* CheckoutFlowView.swift */,
			);
			path = Payments;
			sourceTree = "<group>";
		};
		3B81155A310C0E67EBDBA140 /* Packages */ = {
			isa = PBXGroup;
			children = (
				8F4DF772FDBD280D3CB4C401 /* GRDB.swift */,
				6EE1B98C8D83C5B035BA1039 /* ZayFlowCore */,
			);
			name = Packages;
			sourceTree = "<group>";
		};
		42AC9D12E4BDF0AF995A36EB /* Products */ = {
			isa = PBXGroup;
			children = (
				C26E178ECC1073B9BC5CDE18 /* ZayFlow.app */,
				0D30A82303500ED88A5EE8BD /* ZayFlowTests.xctest */,
				E833293B5552862DA4BF15A4 /* ZayFlowUITests.xctest */,
			);
			name = Products;
			sourceTree = "<group>";
		};
		45DBA657FF3AC32EC997E1D7 /* Features */ = {
			isa = PBXGroup;
			children = (
				DFD57171A96E260E4CF390B8 /* Activity */,
				01493931004C29E9CCF3F2C5 /* More */,
				3406C10933CD6A85D92B2639 /* Payments */,
				61CFD556A5F38FAE4860615C /* Reports */,
				820770569F2FAB61CB576EE9 /* Sell */,
				61629E9374C4AE958F41B4B0 /* Stock */,
			);
			path = Features;
			sourceTree = "<group>";
		};
		5532F333FC538A21BFC84B96 /* Core */ = {
			isa = PBXGroup;
			children = (
				61C2CA4BE8DF8C5A821654DB /* DesignSystem */,
				18D1F10E7376FC2D821E2847 /* Security */,
			);
			path = Core;
			sourceTree = "<group>";
		};
		61629E9374C4AE958F41B4B0 /* Stock */ = {
			isa = PBXGroup;
			children = (
				F3A1182CA2ACCDE6AA42EF32 /* StockView.swift */,
			);
			path = Stock;
			sourceTree = "<group>";
		};
		61C2CA4BE8DF8C5A821654DB /* DesignSystem */ = {
			isa = PBXGroup;
			children = (
				E0887A72E83803B1EAA7C498 /* ZayFlowTheme.swift */,
			);
			path = DesignSystem;
			sourceTree = "<group>";
		};
		61CFD556A5F38FAE4860615C /* Reports */ = {
			isa = PBXGroup;
			children = (
				8C2734CABDD5F7D41616097B /* ReportsView.swift */,
			);
			path = Reports;
			sourceTree = "<group>";
		};
		67611A783C5FD629DE880BD8 /* BarcodeScanner */ = {
			isa = PBXGroup;
			children = (
				CB042628A1D439BE94FBD4F6 /* BarcodeScannerView.swift */,
			);
			path = BarcodeScanner;
			sourceTree = "<group>";
		};
		72AFACB48DBC60A3E99A0FEB /* Platform */ = {
			isa = PBXGroup;
			children = (
				67611A783C5FD629DE880BD8 /* BarcodeScanner */,
			);
			path = Platform;
			sourceTree = "<group>";
		};
		77214CD5833A23D16E71D297 /* ZayFlowTests */ = {
			isa = PBXGroup;
			children = (
				0AE93A7F4E0D4980450C150D /* AppDatabaseTests.swift */,
				DDB997317AFAAD0E93E9857E /* AtomicCheckoutTests.swift */,
			);
			path = ZayFlowTests;
			sourceTree = "<group>";
		};
		820770569F2FAB61CB576EE9 /* Sell */ = {
			isa = PBXGroup;
			children = (
				7D9785F5EF9FD3C8D3047E37 /* CartPanel.swift */,
				2252654EA23D7CA7A15A041A /* SellView.swift */,
			);
			path = Sell;
			sourceTree = "<group>";
		};
		8F13C1AC5D5BD07500A2A538 /* App */ = {
			isa = PBXGroup;
			children = (
				54B115713D550A30E5D6B370 /* AppModel.swift */,
				D6A30BFDCA4F2B0284818E00 /* ZayFlowApp.swift */,
			);
			path = App;
			sourceTree = "<group>";
		};
		BE90098A9EB7274D9563018B /* Presentation */ = {
			isa = PBXGroup;
			children = (
				97DE3E10093D29E490CC0D90 /* RootView.swift */,
			);
			path = Presentation;
			sourceTree = "<group>";
		};
		C17FDAD318BF303AACA0446F /* Resources */ = {
			isa = PBXGroup;
			children = (
				85854626536BD65B9D9D88C6 /* Assets.xcassets */,
			);
			path = Resources;
			sourceTree = "<group>";
		};
		DFD57171A96E260E4CF390B8 /* Activity */ = {
			isa = PBXGroup;
			children = (
				BCA0583DB7B60C10960270FC /* ActivityView.swift */,
			);
			path = Activity;
			sourceTree = "<group>";
		};
		F1FFB98132A63815DB05DC98 /* Data */ = {
			isa = PBXGroup;
			children = (
				93A35F4C8FAF18ED98FF201F /* AppDatabase.swift */,
				6BE1C4D62A79781E316D371F /* AppDatabase+Sales.swift */,
				85A61247743402F160005936 /* SaleModels.swift */,
			);
			path = Data;
			sourceTree = "<group>";
		};
/* End PBXGroup section */

/* Begin PBXNativeTarget section */
		88AF6BFBFA0DE585F64EE543 /* ZayFlowTests */ = {
			isa = PBXNativeTarget;
			buildConfigurationList = 156E619FF7550EB4F7528C01 /* Build configuration list for PBXNativeTarget "ZayFlowTests" */;
			buildPhases = (
				0E3E252E555346F973C6B221 /* Sources */,
				575D04DFB6666452B36046FB /* Frameworks */,
			);
			buildRules = (
			);
			dependencies = (
				09862174DEF42E5D27204979 /* PBXTargetDependency */,
			);
			name = ZayFlowTests;
			packageProductDependencies = (
				BB69F07A3D755FDBE9941265 /* ZayFlowCore */,
				E85BE87F7794865D4FB9F601 /* GRDB */,
			);
			productName = ZayFlowTests;
			productReference = 0D30A82303500ED88A5EE8BD /* ZayFlowTests.xctest */;
			productType = "com.apple.product-type.bundle.unit-test";
		};
		B64D7FD42CCA8A57701BB57C /* ZayFlowUITests */ = {
			isa = PBXNativeTarget;
			buildConfigurationList = CD7AD304D4FCA62A0FD15AB8 /* Build configuration list for PBXNativeTarget "ZayFlowUITests" */;
			buildPhases = (
				C011451088AA1032113DAA8B /* Sources */,
			);
			buildRules = (
			);
			dependencies = (
				F8CA0EC99BDD2CD09E72C90C /* PBXTargetDependency */,
			);
			name = ZayFlowUITests;
			packageProductDependencies = (
			);
			productName = ZayFlowUITests;
			productReference = E833293B5552862DA4BF15A4 /* ZayFlowUITests.xctest */;
			productType = "com.apple.product-type.bundle.ui-testing";
		};
		C71391D912F14D9CCCF6D127 /* ZayFlow */ = {
			isa = PBXNativeTarget;
			buildConfigurationList = 212C847DD329240B64097A76 /* Build configuration list for PBXNativeTarget "ZayFlow" */;
			buildPhases = (
				BAF8A1532C5983BF9193060F /* Sources */,
				93A2715C029A37C05816EABC /* Resources */,
				51BCB6453DC9511BD78626AE /* Frameworks */,
			);
			buildRules = (
			);
			dependencies = (
			);
			name = ZayFlow;
			packageProductDependencies = (
				45FD4F68493A1C193141DC33 /* ZayFlowCore */,
				D4210624DA0DFAAB2D9AF7B0 /* GRDB */,
			);
			productName = ZayFlow;
			productReference = C26E178ECC1073B9BC5CDE18 /* ZayFlow.app */;
			productType = "com.apple.product-type.application";
		};
/* End PBXNativeTarget section */

/* Begin PBXProject section */
		F965E5047CEF071C14696D33 /* Project object */ = {
			isa = PBXProject;
			attributes = {
				BuildIndependentTargetsInParallel = YES;
				LastUpgradeCheck = 1430;
				TargetAttributes = {
					88AF6BFBFA0DE585F64EE543 = {
						DevelopmentTeam = "";
					};
					B64D7FD42CCA8A57701BB57C = {
						DevelopmentTeam = "";
						TestTargetID = C71391D912F14D9CCCF6D127;
					};
					C71391D912F14D9CCCF6D127 = {
						DevelopmentTeam = "";
					};
				};
			};
			buildConfigurationList = EBCE47B71EAB5649F7ED28B7 /* Build configuration list for PBXProject "ZayFlow" */;
			developmentRegion = en;
			hasScannedForEncodings = 0;
			knownRegions = (
				Base,
				en,
			);
			mainGroup = 265B7C7C258B67DE1D96FD03;
			minimizedProjectReferenceProxies = 1;
			packageReferences = (
				095D3FF79FDF089B51A69F1E /* XCLocalSwiftPackageReference "Vendor/GRDB.swift" */,
				1B9719EB08064F9CAE117636 /* XCLocalSwiftPackageReference "ZayFlowCore" */,
			);
			preferredProjectObjectVersion = 77;
			productRefGroup = 42AC9D12E4BDF0AF995A36EB /* Products */;
			projectDirPath = "";
			projectRoot = "";
			targets = (
				C71391D912F14D9CCCF6D127 /* ZayFlow */,
				88AF6BFBFA0DE585F64EE543 /* ZayFlowTests */,
				B64D7FD42CCA8A57701BB57C /* ZayFlowUITests */,
			);
		};
/* End PBXProject section */

/* Begin PBXResourcesBuildPhase section */
		93A2715C029A37C05816EABC /* Resources */ = {
			isa = PBXResourcesBuildPhase;
			buildActionMask = 2147483647;
			files = (
				0FAC818FDFB29553D65F4858 /* Assets.xcassets in Resources */,
			);
			runOnlyForDeploymentPostprocessing = 0;
		};
/* End PBXResourcesBuildPhase section */

/* Begin PBXSourcesBuildPhase section */
		0E3E252E555346F973C6B221 /* Sources */ = {
			isa = PBXSourcesBuildPhase;
			buildActionMask = 2147483647;
			files = (
				1944AC4FBFD156F4E2650AEC /* AppDatabaseTests.swift in Sources */,
				819090B4992F70A0F5EBF89E /* AtomicCheckoutTests.swift in Sources */,
			);
			runOnlyForDeploymentPostprocessing = 0;
		};
		BAF8A1532C5983BF9193060F /* Sources */ = {
			isa = PBXSourcesBuildPhase;
			buildActionMask = 2147483647;
			files = (
				805FEBFC34FF43EEEB49822C /* ActivityView.swift in Sources */,
				F896F06F42CD3FC877E5D806 /* AppDatabase+Sales.swift in Sources */,
				7CAE4EE9C4E73E037C8323FF /* AppDatabase.swift in Sources */,
				D95493F8F2E0E5B87C598FA2 /* AppModel.swift in Sources */,
				9726D669F24004B4F80A3369 /* BarcodeScannerView.swift in Sources */,
				26A56890F0E87B55D3AA8EF9 /* CartPanel.swift in Sources */,
				BD9A7CAD62048369065F11AF /* CheckoutFlowView.swift in Sources */,
				390875A0E552D4ACEDC6CE16 /* DatabaseKeyStore.swift in Sources */,
				C0557100CD6C14A4946EB6AF /* MoreView.swift in Sources */,
				E73913117E91410C32ED3EDF /* ReportsView.swift in Sources */,
				6B9A2BA2AF1C23618311C605 /* RootView.swift in Sources */,
				B2730276A8F63D199616564D /* SaleModels.swift in Sources */,
				951C117272DF215C8B30EDE2 /* SellView.swift in Sources */,
				C432BD1D0E118684D2BF28A5 /* StockView.swift in Sources */,
				F59EE7AE0738D711F9503943 /* ZayFlowApp.swift in Sources */,
				A9F52C9EAED0447640EB7C12 /* ZayFlowTheme.swift in Sources */,
			);
			runOnlyForDeploymentPostprocessing = 0;
		};
		C011451088AA1032113DAA8B /* Sources */ = {
			isa = PBXSourcesBuildPhase;
			buildActionMask = 2147483647;
			files = (
				087E2315199132B9B86523AD /* CheckoutFlowUITests.swift in Sources */,
			);
			runOnlyForDeploymentPostprocessing = 0;
		};
/* End PBXSourcesBuildPhase section */

/* Begin PBXTargetDependency section */
		09862174DEF42E5D27204979 /* PBXTargetDependency */ = {
			isa = PBXTargetDependency;
			target = C71391D912F14D9CCCF6D127 /* ZayFlow */;
			targetProxy = 7866B293A37FA4D72DFB6722 /* PBXContainerItemProxy */;
		};
		F8CA0EC99BDD2CD09E72C90C /* PBXTargetDependency */ = {
			isa = PBXTargetDependency;
			target = C71391D912F14D9CCCF6D127 /* ZayFlow */;
			targetProxy = 878E5EE57194CE2607F501E2 /* PBXContainerItemProxy */;
		};
/* End PBXTargetDependency section */

/* Begin XCBuildConfiguration section */
		496F73D40770A2E31F241A31 /* Release */ = {
			isa = XCBuildConfiguration;
			buildSettings = {
				ALWAYS_SEARCH_USER_PATHS = NO;
				CLANG_ANALYZER_NONNULL = YES;
				CLANG_ANALYZER_NUMBER_OBJECT_CONVERSION = YES_AGGRESSIVE;
				CLANG_CXX_LANGUAGE_STANDARD = "gnu++14";
				CLANG_CXX_LIBRARY = "libc++";
				CLANG_ENABLE_MODULES = YES;
				CLANG_ENABLE_OBJC_ARC = YES;
				CLANG_ENABLE_OBJC_WEAK = YES;
				CLANG_WARN_BLOCK_CAPTURE_AUTORELEASING = YES;
				CLANG_WARN_BOOL_CONVERSION = YES;
				CLANG_WARN_COMMA = YES;
				CLANG_WARN_CONSTANT_CONVERSION = YES;
				CLANG_WARN_DEPRECATED_OBJC_IMPLEMENTATIONS = YES;
				CLANG_WARN_DIRECT_OBJC_ISA_USAGE = YES_ERROR;
				CLANG_WARN_DOCUMENTATION_COMMENTS = YES;
				CLANG_WARN_EMPTY_BODY = YES;
				CLANG_WARN_ENUM_CONVERSION = YES;
				CLANG_WARN_INFINITE_RECURSION = YES;
				CLANG_WARN_INT_CONVERSION = YES;
				CLANG_WARN_NON_LITERAL_NULL_CONVERSION = YES;
				CLANG_WARN_OBJC_IMPLICIT_RETAIN_SELF = YES;
				CLANG_WARN_OBJC_LITERAL_CONVERSION = YES;
				CLANG_WARN_OBJC_ROOT_CLASS = YES_ERROR;
				CLANG_WARN_QUOTED_INCLUDE_IN_FRAMEWORK_HEADER = YES;
				CLANG_WARN_RANGE_LOOP_ANALYSIS = YES;
				CLANG_WARN_STRICT_PROTOTYPES = YES;
				CLANG_WARN_SUSPICIOUS_MOVE = YES;
				CLANG_WARN_UNGUARDED_AVAILABILITY = YES_AGGRESSIVE;
				CLANG_WARN_UNREACHABLE_CODE = YES;
				CLANG_WARN__DUPLICATE_METHOD_MATCH = YES;
				COPY_PHASE_STRIP = NO;
				DEBUG_INFORMATION_FORMAT = "dwarf-with-dsym";
				DEVELOPMENT_TEAM = "";
				ENABLE_NS_ASSERTIONS = NO;
				ENABLE_STRICT_OBJC_MSGSEND = YES;
				GCC_C_LANGUAGE_STANDARD = gnu11;
				GCC_NO_COMMON_BLOCKS = YES;
				GCC_WARN_64_TO_32_BIT_CONVERSION = YES;
				GCC_WARN_ABOUT_RETURN_TYPE = YES_ERROR;
				GCC_WARN_UNDECLARED_SELECTOR = YES;
				GCC_WARN_UNINITIALIZED_AUTOS = YES_AGGRESSIVE;
				GCC_WARN_UNUSED_FUNCTION = YES;
				GCC_WARN_UNUSED_VARIABLE = YES;
				IPHONEOS_DEPLOYMENT_TARGET = 17.0;
				MTL_ENABLE_DEBUG_INFO = NO;
				MTL_FAST_MATH = YES;
				PRODUCT_NAME = "$(TARGET_NAME)";
				SDKROOT = iphoneos;
				SWIFT_COMPILATION_MODE = wholemodule;
				SWIFT_OPTIMIZATION_LEVEL = "-O";
				SWIFT_VERSION = 6.0;
			};
			name = Release;
		};
		4B63206AD942DE5DFD7447F3 /* Release */ = {
			isa = XCBuildConfiguration;
			buildSettings = {
				ASSETCATALOG_COMPILER_APPICON_NAME = AppIcon;
				ASSETCATALOG_COMPILER_GLOBAL_ACCENT_COLOR_NAME = AccentColor;
				CODE_SIGN_IDENTITY = "iPhone Developer";
				GENERATE_INFOPLIST_FILE = YES;
				INFOPLIST_KEY_CFBundleDisplayName = ZayFlow;
				INFOPLIST_KEY_LSApplicationCategoryType = "public.app-category.business";
				INFOPLIST_KEY_NSCameraUsageDescription = "ZayFlow uses the camera to scan product barcodes.";
				INFOPLIST_KEY_UIApplicationSupportsIndirectInputEvents = YES;
				INFOPLIST_KEY_UILaunchScreen_Generation = YES;
				INFOPLIST_KEY_UISupportedInterfaceOrientations_iPad = "UIInterfaceOrientationPortrait UIInterfaceOrientationPortraitUpsideDown UIInterfaceOrientationLandscapeLeft UIInterfaceOrientationLandscapeRight";
				INFOPLIST_KEY_UISupportedInterfaceOrientations_iPhone = "UIInterfaceOrientationPortrait UIInterfaceOrientationLandscapeLeft UIInterfaceOrientationLandscapeRight";
				LD_RUNPATH_SEARCH_PATHS = (
					"$(inherited)",
					"@executable_path/Frameworks",
				);
				PRODUCT_BUNDLE_IDENTIFIER = com.zayflow.pos;
				PRODUCT_NAME = ZayFlow;
				SDKROOT = iphoneos;
				TARGETED_DEVICE_FAMILY = "1,2";
			};
			name = Release;
		};
		5F3348FF073D5804187C9F49 /* Debug */ = {
			isa = XCBuildConfiguration;
			buildSettings = {
				BUNDLE_LOADER = "$(TEST_HOST)";
				GENERATE_INFOPLIST_FILE = YES;
				LD_RUNPATH_SEARCH_PATHS = (
					"$(inherited)",
					"@executable_path/Frameworks",
					"@loader_path/Frameworks",
				);
				PRODUCT_BUNDLE_IDENTIFIER = com.zayflow.pos.uitests;
				SDKROOT = iphoneos;
				TARGETED_DEVICE_FAMILY = "1,2";
				TEST_TARGET_NAME = ZayFlow;
			};
			name = Debug;
		};
		8A596983BC0A4C7A43D4F67F /* Release */ = {
			isa = XCBuildConfiguration;
			buildSettings = {
				BUNDLE_LOADER = "$(TEST_HOST)";
				GENERATE_INFOPLIST_FILE = YES;
				LD_RUNPATH_SEARCH_PATHS = (
					"$(inherited)",
					"@executable_path/Frameworks",
					"@loader_path/Frameworks",
				);
				PRODUCT_BUNDLE_IDENTIFIER = com.zayflow.pos.uitests;
				SDKROOT = iphoneos;
				TARGETED_DEVICE_FAMILY = "1,2";
				TEST_TARGET_NAME = ZayFlow;
			};
			name = Release;
		};
		9EDC24FEE3A574B238013FCD /* Debug */ = {
			isa = XCBuildConfiguration;
			buildSettings = {
				BUNDLE_LOADER = "$(TEST_HOST)";
				GENERATE_INFOPLIST_FILE = YES;
				LD_RUNPATH_SEARCH_PATHS = (
					"$(inherited)",
					"@executable_path/Frameworks",
					"@loader_path/Frameworks",
				);
				PRODUCT_BUNDLE_IDENTIFIER = com.zayflow.pos.tests;
				SDKROOT = iphoneos;
				TARGETED_DEVICE_FAMILY = "1,2";
				TEST_HOST = "$(BUILT_PRODUCTS_DIR)/ZayFlow.app/ZayFlow";
			};
			name = Debug;
		};
		B45E41FBEA29BB95364A31D0 /* Debug */ = {
			isa = XCBuildConfiguration;
			buildSettings = {
				ASSETCATALOG_COMPILER_APPICON_NAME = AppIcon;
				ASSETCATALOG_COMPILER_GLOBAL_ACCENT_COLOR_NAME = AccentColor;
				CODE_SIGN_IDENTITY = "iPhone Developer";
				GENERATE_INFOPLIST_FILE = YES;
				INFOPLIST_KEY_CFBundleDisplayName = ZayFlow;
				INFOPLIST_KEY_LSApplicationCategoryType = "public.app-category.business";
				INFOPLIST_KEY_NSCameraUsageDescription = "ZayFlow uses the camera to scan product barcodes.";
				INFOPLIST_KEY_UIApplicationSupportsIndirectInputEvents = YES;
				INFOPLIST_KEY_UILaunchScreen_Generation = YES;
				INFOPLIST_KEY_UISupportedInterfaceOrientations_iPad = "UIInterfaceOrientationPortrait UIInterfaceOrientationPortraitUpsideDown UIInterfaceOrientationLandscapeLeft UIInterfaceOrientationLandscapeRight";
				INFOPLIST_KEY_UISupportedInterfaceOrientations_iPhone = "UIInterfaceOrientationPortrait UIInterfaceOrientationLandscapeLeft UIInterfaceOrientationLandscapeRight";
				LD_RUNPATH_SEARCH_PATHS = (
					"$(inherited)",
					"@executable_path/Frameworks",
				);
				PRODUCT_BUNDLE_IDENTIFIER = com.zayflow.pos;
				PRODUCT_NAME = ZayFlow;
				SDKROOT = iphoneos;
				TARGETED_DEVICE_FAMILY = "1,2";
			};
			name = Debug;
		};
		BDBFFF5067B4D22429BEF0D1 /* Release */ = {
			isa = XCBuildConfiguration;
			buildSettings = {
				BUNDLE_LOADER = "$(TEST_HOST)";
				GENERATE_INFOPLIST_FILE = YES;
				LD_RUNPATH_SEARCH_PATHS = (
					"$(inherited)",
					"@executable_path/Frameworks",
					"@loader_path/Frameworks",
				);
				PRODUCT_BUNDLE_IDENTIFIER = com.zayflow.pos.tests;
				SDKROOT = iphoneos;
				TARGETED_DEVICE_FAMILY = "1,2";
				TEST_HOST = "$(BUILT_PRODUCTS_DIR)/ZayFlow.app/ZayFlow";
			};
			name = Release;
		};
		F187CC764B3AFFE3B6230226 /* Debug */ = {
			isa = XCBuildConfiguration;
			buildSettings = {
				ALWAYS_SEARCH_USER_PATHS = NO;
				CLANG_ANALYZER_NONNULL = YES;
				CLANG_ANALYZER_NUMBER_OBJECT_CONVERSION = YES_AGGRESSIVE;
				CLANG_CXX_LANGUAGE_STANDARD = "gnu++14";
				CLANG_CXX_LIBRARY = "libc++";
				CLANG_ENABLE_MODULES = YES;
				CLANG_ENABLE_OBJC_ARC = YES;
				CLANG_ENABLE_OBJC_WEAK = YES;
				CLANG_WARN_BLOCK_CAPTURE_AUTORELEASING = YES;
				CLANG_WARN_BOOL_CONVERSION = YES;
				CLANG_WARN_COMMA = YES;
				CLANG_WARN_CONSTANT_CONVERSION = YES;
				CLANG_WARN_DEPRECATED_OBJC_IMPLEMENTATIONS = YES;
				CLANG_WARN_DIRECT_OBJC_ISA_USAGE = YES_ERROR;
				CLANG_WARN_DOCUMENTATION_COMMENTS = YES;
				CLANG_WARN_EMPTY_BODY = YES;
				CLANG_WARN_ENUM_CONVERSION = YES;
				CLANG_WARN_INFINITE_RECURSION = YES;
				CLANG_WARN_INT_CONVERSION = YES;
				CLANG_WARN_NON_LITERAL_NULL_CONVERSION = YES;
				CLANG_WARN_OBJC_IMPLICIT_RETAIN_SELF = YES;
				CLANG_WARN_OBJC_LITERAL_CONVERSION = YES;
				CLANG_WARN_OBJC_ROOT_CLASS = YES_ERROR;
				CLANG_WARN_QUOTED_INCLUDE_IN_FRAMEWORK_HEADER = YES;
				CLANG_WARN_RANGE_LOOP_ANALYSIS = YES;
				CLANG_WARN_STRICT_PROTOTYPES = YES;
				CLANG_WARN_SUSPICIOUS_MOVE = YES;
				CLANG_WARN_UNGUARDED_AVAILABILITY = YES_AGGRESSIVE;
				CLANG_WARN_UNREACHABLE_CODE = YES;
				CLANG_WARN__DUPLICATE_METHOD_MATCH = YES;
				COPY_PHASE_STRIP = NO;
				DEBUG_INFORMATION_FORMAT = dwarf;
				DEVELOPMENT_TEAM = "";
				ENABLE_STRICT_OBJC_MSGSEND = YES;
				ENABLE_TESTABILITY = YES;
				GCC_C_LANGUAGE_STANDARD = gnu11;
				GCC_DYNAMIC_NO_PIC = NO;
				GCC_NO_COMMON_BLOCKS = YES;
				GCC_OPTIMIZATION_LEVEL = 0;
				GCC_PREPROCESSOR_DEFINITIONS = (
					"$(inherited)",
					"DEBUG=1",
				);
				GCC_WARN_64_TO_32_BIT_CONVERSION = YES;
				GCC_WARN_ABOUT_RETURN_TYPE = YES_ERROR;
				GCC_WARN_UNDECLARED_SELECTOR = YES;
				GCC_WARN_UNINITIALIZED_AUTOS = YES_AGGRESSIVE;
				GCC_WARN_UNUSED_FUNCTION = YES;
				GCC_WARN_UNUSED_VARIABLE = YES;
				IPHONEOS_DEPLOYMENT_TARGET = 17.0;
				MTL_ENABLE_DEBUG_INFO = INCLUDE_SOURCE;
				MTL_FAST_MATH = YES;
				ONLY_ACTIVE_ARCH = YES;
				PRODUCT_NAME = "$(TARGET_NAME)";
				SDKROOT = iphoneos;
				SWIFT_ACTIVE_COMPILATION_CONDITIONS = DEBUG;
				SWIFT_OPTIMIZATION_LEVEL = "-Onone";
				SWIFT_VERSION = 6.0;
			};
			name = Debug;
		};
/* End XCBuildConfiguration section */

/* Begin XCConfigurationList section */
		156E619FF7550EB4F7528C01 /* Build configuration list for PBXNativeTarget "ZayFlowTests" */ = {
			isa = XCConfigurationList;
			buildConfigurations = (
				9EDC24FEE3A574B238013FCD /* Debug */,
				BDBFFF5067B4D22429BEF0D1 /* Release */,
			);
			defaultConfigurationIsVisible = 0;
			defaultConfigurationName = Debug;
		};
		212C847DD329240B64097A76 /* Build configuration list for PBXNativeTarget "ZayFlow" */ = {
			isa = XCConfigurationList;
			buildConfigurations = (
				B45E41FBEA29BB95364A31D0 /* Debug */,
				4B63206AD942DE5DFD7447F3 /* Release */,
			);
			defaultConfigurationIsVisible = 0;
			defaultConfigurationName = Debug;
		};
		CD7AD304D4FCA62A0FD15AB8 /* Build configuration list for PBXNativeTarget "ZayFlowUITests" */ = {
			isa = XCConfigurationList;
			buildConfigurations = (
				5F3348FF073D5804187C9F49 /* Debug */,
				8A596983BC0A4C7A43D4F67F /* Release */,
			);
			defaultConfigurationIsVisible = 0;
			defaultConfigurationName = Debug;
		};
		EBCE47B71EAB5649F7ED28B7 /* Build configuration list for PBXProject "ZayFlow" */ = {
			isa = XCConfigurationList;
			buildConfigurations = (
				F187CC764B3AFFE3B6230226 /* Debug */,
				496F73D40770A2E31F241A31 /* Release */,
			);
			defaultConfigurationIsVisible = 0;
			defaultConfigurationName = Debug;
		};
/* End XCConfigurationList section */

/* Begin XCLocalSwiftPackageReference section */
		095D3FF79FDF089B51A69F1E /* XCLocalSwiftPackageReference "Vendor/GRDB.swift" */ = {
			isa = XCLocalSwiftPackageReference;
			relativePath = Vendor/GRDB.swift;
		};
		1B9719EB08064F9CAE117636 /* XCLocalSwiftPackageReference "ZayFlowCore" */ = {
			isa = XCLocalSwiftPackageReference;
			relativePath = ZayFlowCore;
		};
/* End XCLocalSwiftPackageReference section */

/* Begin XCSwiftPackageProductDependency section */
		45FD4F68493A1C193141DC33 /* ZayFlowCore */ = {
			isa = XCSwiftPackageProductDependency;
			productName = ZayFlowCore;
		};
		BB69F07A3D755FDBE9941265 /* ZayFlowCore */ = {
			isa = XCSwiftPackageProductDependency;
			productName = ZayFlowCore;
		};
		D4210624DA0DFAAB2D9AF7B0 /* GRDB */ = {
			isa = XCSwiftPackageProductDependency;
			productName = GRDB;
		};
		E85BE87F7794865D4FB9F601 /* GRDB */ = {
			isa = XCSwiftPackageProductDependency;
			productName = GRDB;
		};
/* End XCSwiftPackageProductDependency section */
	};
	rootObject = F965E5047CEF071C14696D33 /* Project object */;
}
